
Microsoft Visual Studio Solution File, Format Version 12.00
# Visual Studio 14
VisualStudioVersion = 14.0.25420.1
MinimumVisualStudioVersion = 10.0.40219.1
Project("{FAE04EC0-301F-11D3-BF4B-00C04F79EFBC}") = "CorsoMaggioWeb.WebApp", "CorsoMaggioWeb.WebApp\CorsoMaggioWeb.WebApp.csproj", "{1098D52A-6145-4919-B846-4D174AE5AC53}"
EndProject
Project("{FAE04EC0-301F-11D3-BF4B-00C04F79EFBC}") = "CorsoMaggioWeb.Logic", "CorsoMaggioWeb.Logic\CorsoMaggioWeb.Logic.csproj", "{9A1F45A4-E7E4-417E-A231-319E58BF8B49}"
EndProject
Global
	GlobalSection(SolutionConfigurationPlatforms) = preSolution
		Debug|Any CPU = Debug|Any CPU
		Release|Any CPU = Release|Any CPU
	EndGlobalSection
	GlobalSection(ProjectConfigurationPlatforms) = postSolution
		{1098D52A-6145-4919-B846-4D174AE5AC53}.Debug|Any CPU.ActiveCfg = Debug|Any CPU
		{1098D52A-6145-4919-B846-4D174AE5AC53}.Debug|Any CPU.Build.0 = Debug|Any CPU
		{1098D52A-6145-4919-B846-4D174AE5AC53}.Release|Any CPU.ActiveCfg = Release|Any CPU
		{1098D52A-6145-4919-B846-4D174AE5AC53}.Release|Any CPU.Build.0 = Release|Any CPU
		{9A1F45A4-E7E4-417E-A231-319E58BF8B49}.Debug|Any CPU.ActiveCfg = Debug|Any CPU
		{9A1F45A4-E7E4-417E-A231-319E58BF8B49}.Debug|Any CPU.Build.0 = Debug|Any CPU
		{9A1F45A4-E7E4-417E-A231-319E58BF8B49}.Release|Any CPU.ActiveCfg = Release|Any CPU
		{9A1F45A4-E7E4-417E-A231-319E58BF8B49}.Release|Any CPU.Build.0 = Release|Any CPU
	EndGlobalSection
	GlobalSection(SolutionProperties) = preSolution
		HideSolutionNode = FALSE
	EndGlobalSection
EndGlobal
